
Microsoft Visual Studio Solution File, Format Version 12.00
# Visual Studio 15
VisualStudioVersion = 15.0.28307.168
MinimumVisualStudioVersion = 10.0.40219.1
Project("{8BC9CEB8-8B4A-11D0-8D11-00A0C91BC942}") = "Monopoly_v2.0", "Monopoly_v2.0\Monopoly_v2.0.vcxproj", "{AA472E21-72B4-4A71-AB5E-A2EB00F657AD}"
EndProject
Global
	GlobalSection(SolutionConfigurationPlatforms) = preSolution
		Debug|x64 = Debug|x64
		Debug|x86 = Debug|x86
		Release|x64 = Release|x64
		Release|x86 = Release|x86
	EndGlobalSection
	GlobalSection(ProjectConfigurationPlatforms) = postSolution
		{AA472E21-72B4-4A71-AB5E-A2EB00F657AD}.Debug|x64.ActiveCfg = Debug|x64
		{AA472E21-72B4-4A71-AB5E-A2EB00F657AD}.Debug|x64.Build.0 = Debug|x64
		{AA472E21-72B4-4A71-AB5E-A2EB00F657AD}.Debug|x86.ActiveCfg = Debug|Win32
		{AA472E21-72B4-4A71-AB5E-A2EB00F657AD}.Debug|x86.Build.0 = Debug|Win32
		{AA472E21-72B4-4A71-AB5E-A2EB00F657AD}.Release|x64.ActiveCfg = Release|x64
		{AA472E21-72B4-4A71-AB5E-A2EB00F657AD}.Release|x64.Build.0 = Release|x64
		{AA472E21-72B4-4A71-AB5E-A2EB00F657AD}.Release|x86.ActiveCfg = Release|Win32
		{AA472E21-72B4-4A71-AB5E-A2EB00F657AD}.Release|x86.Build.0 = Release|Win32
	EndGlobalSection
	GlobalSection(SolutionProperties) = preSolution
		HideSolutionNode = FALSE
	EndGlobalSection
	GlobalSection(ExtensibilityGlobals) = postSolution
		SolutionGuid = {27030960-BF03-4C3B-9C7E-1C5CEA877A03}
	EndGlobalSection
EndGlobal
